// !$*UTF8*$!
{
	archiveVersion = 1;
	classes = {
	};
	objectVersion = 46;
	objects = {

/* Begin PBXBuildFile section */
		44F840661F5D97D0004A7A76 /* FilesInteractor.swift in Sources */ = {isa = PBXBuildFile; fileRef = 44F840601F5D97D0004A7A76 /* FilesInteractor.swift */; };
		44F840671F5D97D0004A7A76 /* FilesModels.swift in Sources */ = {isa = PBXBuildFile; fileRef = 44F840611F5D97D0004A7A76 /* FilesModels.swift */; };
		44F840681F5D97D0004A7A76 /* FilesPresenter.swift in Sources */ = {isa = PBXBuildFile; fileRef = 44F840621F5D97D0004A7A76 /* FilesPresenter.swift */; };
		44F840691F5D97D0004A7A76 /* FilesRouter.swift in Sources */ = {isa = PBXBuildFile; fileRef = 44F840631F5D97D0004A7A76 /* FilesRouter.swift */; };
		44F8406A1F5D97D0004A7A76 /* FilesViewController.swift in Sources */ = {isa = PBXBuildFile; fileRef = 44F840641F5D97D0004A7A76 /* FilesViewController.swift */; };
		44F8406B1F5D97D0004A7A76 /* FilesWorker.swift in Sources */ = {isa = PBXBuildFile; fileRef = 44F840651F5D97D0004A7A76 /* FilesWorker.swift */; };
		A1017CBA1F17FCFF00AA1B31 /* WebService.swift in Sources */ = {isa = PBXBuildFile; fileRef = A1017CB91F17FCFF00AA1B31 /* WebService.swift */; };
		A10E3EDA1F5CC2D900DE7812 /* Pulsator.swift in Sources */ = {isa = PBXBuildFile; fileRef = A10E3ED91F5CC2D900DE7812 /* Pulsator.swift */; };
		A14F9F2E1F09D892009D8D6E /* Helpers.swift in Sources */ = {isa = PBXBuildFile; fileRef = A14F9F2D1F09D892009D8D6E /* Helpers.swift */; };
		A14F9F391F0B50A7009D8D6E /* baseOperation.swift in Sources */ = {isa = PBXBuildFile; fileRef = A14F9F381F0B50A7009D8D6E /* baseOperation.swift */; };
		A14F9F3B1F0B6197009D8D6E /* AudioUploaderOperation.swift in Sources */ = {isa = PBXBuildFile; fileRef = A14F9F3A1F0B6197009D8D6E /* AudioUploaderOperation.swift */; };
		A14F9F3E1F0B6363009D8D6E /* AudioFile.swift in Sources */ = {isa = PBXBuildFile; fileRef = A14F9F3D1F0B6363009D8D6E /* AudioFile.swift */; };
		A153F8171F082BBD00223379 /* JoinStartJamView.swift in Sources */ = {isa = PBXBuildFile; fileRef = A153F8061F082BBD00223379 /* JoinStartJamView.swift */; };
		A153F8191F082BBD00223379 /* CoreDataStore.swift in Sources */ = {isa = PBXBuildFile; fileRef = A153F8081F082BBD00223379 /* CoreDataStore.swift */; };
		A153F81E1F082BBD00223379 /* PlayPause.swift in Sources */ = {isa = PBXBuildFile; fileRef = A153F80E1F082BBD00223379 /* PlayPause.swift */; };
		A153F81F1F082BBD00223379 /* Recorder.swift in Sources */ = {isa = PBXBuildFile; fileRef = A153F80F1F082BBD00223379 /* Recorder.swift */; };
		A153F8211F082BBD00223379 /* Timer.swift in Sources */ = {isa = PBXBuildFile; fileRef = A153F8121F082BBD00223379 /* Timer.swift */; };
		A155FD221F3E411500B4165F /* App.swift in Sources */ = {isa = PBXBuildFile; fileRef = A155FD211F3E411500B4165F /* App.swift */; };
		A155FD241F3E510A00B4165F /* Customizer.swift in Sources */ = {isa = PBXBuildFile; fileRef = A155FD231F3E510A00B4165F /* Customizer.swift */; };
		A17C689B1F59A89800E09CB1 /* UploadJam.swift in Sources */ = {isa = PBXBuildFile; fileRef = A17C689A1F59A89800E09CB1 /* UploadJam.swift */; };
		A17C689D1F5A931C00E09CB1 /* DataServices.swift in Sources */ = {isa = PBXBuildFile; fileRef = A17C689C1F5A931C00E09CB1 /* DataServices.swift */; };
		A17D4EBB1F42551200AF1D18 /* LocationManager.swift in Sources */ = {isa = PBXBuildFile; fileRef = A17D4EBA1F42551200AF1D18 /* LocationManager.swift */; };
		A1A163A51F647AD300204C73 /* DSoundNav.swift in Sources */ = {isa = PBXBuildFile; fileRef = A1A163A41F647AD300204C73 /* DSoundNav.swift */; };
		A1A163AD1F64A0A600204C73 /* SettingsInteractor.swift in Sources */ = {isa = PBXBuildFile; fileRef = A1A163A71F64A0A600204C73 /* SettingsInteractor.swift */; };
		A1A163AE1F64A0A600204C73 /* SettingsModels.swift in Sources */ = {isa = PBXBuildFile; fileRef = A1A163A81F64A0A600204C73 /* SettingsModels.swift */; };
		A1A163AF1F64A0A600204C73 /* SettingsPresenter.swift in Sources */ = {isa = PBXBuildFile; fileRef = A1A163A91F64A0A600204C73 /* SettingsPresenter.swift */; };
		A1A163B01F64A0A600204C73 /* SettingsRouter.swift in Sources */ = {isa = PBXBuildFile; fileRef = A1A163AA1F64A0A600204C73 /* SettingsRouter.swift */; };
		A1A163B11F64A0A600204C73 /* SettingsViewController.swift in Sources */ = {isa = PBXBuildFile; fileRef = A1A163AB1F64A0A600204C73 /* SettingsViewController.swift */; };
		A1A163B21F64A0A600204C73 /* SettingsWorker.swift in Sources */ = {isa = PBXBuildFile; fileRef = A1A163AC1F64A0A600204C73 /* SettingsWorker.swift */; };
		A1AE8A2D1F02102500B979D6 /* AppDelegate.swift in Sources */ = {isa = PBXBuildFile; fileRef = A1AE8A2C1F02102500B979D6 /* AppDelegate.swift */; };
		A1AE8A341F02102500B979D6 /* Assets.xcassets in Resources */ = {isa = PBXBuildFile; fileRef = A1AE8A331F02102500B979D6 /* Assets.xcassets */; };
		A1AE8A371F02102500B979D6 /* LaunchScreen.storyboard in Resources */ = {isa = PBXBuildFile; fileRef = A1AE8A351F02102500B979D6 /* LaunchScreen.storyboard */; };
		A1B66A821F5559CA001F3B00 /* LoginInteractor.swift in Sources */ = {isa = PBXBuildFile; fileRef = A1B66A7C1F5559CA001F3B00 /* LoginInteractor.swift */; };
		A1B66A831F5559CA001F3B00 /* LoginModels.swift in Sources */ = {isa = PBXBuildFile; fileRef = A1B66A7D1F5559CA001F3B00 /* LoginModels.swift */; };
		A1B66A841F5559CA001F3B00 /* LoginPresenter.swift in Sources */ = {isa = PBXBuildFile; fileRef = A1B66A7E1F5559CA001F3B00 /* LoginPresenter.swift */; };
		A1B66A851F5559CA001F3B00 /* LoginRouter.swift in Sources */ = {isa = PBXBuildFile; fileRef = A1B66A7F1F5559CA001F3B00 /* LoginRouter.swift */; };
		A1B66A861F5559CA001F3B00 /* LoginViewController.swift in Sources */ = {isa = PBXBuildFile; fileRef = A1B66A801F5559CA001F3B00 /* LoginViewController.swift */; };
		A1B66A871F5559CA001F3B00 /* LoginWorker.swift in Sources */ = {isa = PBXBuildFile; fileRef = A1B66A811F5559CA001F3B00 /* LoginWorker.swift */; };
		A1B66A8E1F555E64001F3B00 /* MainInteractor.swift in Sources */ = {isa = PBXBuildFile; fileRef = A1B66A881F555E64001F3B00 /* MainInteractor.swift */; };
		A1B66A8F1F555E64001F3B00 /* MainModels.swift in Sources */ = {isa = PBXBuildFile; fileRef = A1B66A891F555E64001F3B00 /* MainModels.swift */; };
		A1B66A901F555E64001F3B00 /* MainPresenter.swift in Sources */ = {isa = PBXBuildFile; fileRef = A1B66A8A1F555E64001F3B00 /* MainPresenter.swift */; };
		A1B66A911F555E64001F3B00 /* MainRouter.swift in Sources */ = {isa = PBXBuildFile; fileRef = A1B66A8B1F555E64001F3B00 /* MainRouter.swift */; };
		A1B66A921F555E64001F3B00 /* MainViewController.swift in Sources */ = {isa = PBXBuildFile; fileRef = A1B66A8C1F555E64001F3B00 /* MainViewController.swift */; };
		A1B66A931F555E64001F3B00 /* MainWorker.swift in Sources */ = {isa = PBXBuildFile; fileRef = A1B66A8D1F555E64001F3B00 /* MainWorker.swift */; };
		A1B66AA81F57470A001F3B00 /* JoinJamInteractor.swift in Sources */ = {isa = PBXBuildFile; fileRef = A1B66AA21F57470A001F3B00 /* JoinJamInteractor.swift */; };
		A1B66AA91F57470A001F3B00 /* JoinJamModels.swift in Sources */ = {isa = PBXBuildFile; fileRef = A1B66AA31F57470A001F3B00 /* JoinJamModels.swift */; };
		A1B66AAA1F57470A001F3B00 /* JoinJamPresenter.swift in Sources */ = {isa = PBXBuildFile; fileRef = A1B66AA41F57470A001F3B00 /* JoinJamPresenter.swift */; };
		A1B66AAB1F57470A001F3B00 /* JoinJamRouter.swift in Sources */ = {isa = PBXBuildFile; fileRef = A1B66AA51F57470A001F3B00 /* JoinJamRouter.swift */; };
		A1B66AAC1F57470A001F3B00 /* JoinJamViewController.swift in Sources */ = {isa = PBXBuildFile; fileRef = A1B66AA61F57470A001F3B00 /* JoinJamViewController.swift */; };
		A1B66AAD1F57470A001F3B00 /* JoinJamWorker.swift in Sources */ = {isa = PBXBuildFile; fileRef = A1B66AA71F57470A001F3B00 /* JoinJamWorker.swift */; };
		A1B66AB01F57C9FA001F3B00 /* CoreData.xcdatamodeld in Sources */ = {isa = PBXBuildFile; fileRef = A1B66AAE1F57C9FA001F3B00 /* CoreData.xcdatamodeld */; };
		A1B66ABA1F57FB3A001F3B00 /* UserServices.swift in Sources */ = {isa = PBXBuildFile; fileRef = A1B66AB91F57FB3A001F3B00 /* UserServices.swift */; };
		A1F203001F5CEC820023484D /* Pods_dSoundBoy.framework in Frameworks */ = {isa = PBXBuildFile; fileRef = 62F3494BCF273792E0C433FA /* Pods_dSoundBoy.framework */; };
		A1F203021F5E37A70023484D /* JamCoreDataFetch.swift in Sources */ = {isa = PBXBuildFile; fileRef = A1F203011F5E37A70023484D /* JamCoreDataFetch.swift */; };
		A1F203051F5E38B80023484D /* FacebookAPI.swift in Sources */ = {isa = PBXBuildFile; fileRef = A1F203041F5E38B80023484D /* FacebookAPI.swift */; };
		A1F203071F5E39490023484D /* JamCoreDataSave.swift in Sources */ = {isa = PBXBuildFile; fileRef = A1F203061F5E39490023484D /* JamCoreDataSave.swift */; };
		A1F203091F5E39B10023484D /* UserCoreDataFetch.swift in Sources */ = {isa = PBXBuildFile; fileRef = A1F203081F5E39B10023484D /* UserCoreDataFetch.swift */; };
		A1F2030B1F5E39E00023484D /* UserCoreDataSave.swift in Sources */ = {isa = PBXBuildFile; fileRef = A1F2030A1F5E39E00023484D /* UserCoreDataSave.swift */; };
		A1F2030D1F61C7A20023484D /* JoinJam.swift in Sources */ = {isa = PBXBuildFile; fileRef = A1F2030C1F61C7A20023484D /* JoinJam.swift */; };
		A1F2030F1F61C8710023484D /* JamBaseServices.swift in Sources */ = {isa = PBXBuildFile; fileRef = A1F2030E1F61C8710023484D /* JamBaseServices.swift */; };
		A1F203111F62341F0023484D /* PinView.swift in Sources */ = {isa = PBXBuildFile; fileRef = A1F203101F62341F0023484D /* PinView.swift */; };
		A1F203131F637E280023484D /* 0deea31.jpg in Resources */ = {isa = PBXBuildFile; fileRef = A1F203121F637E280023484D /* 0deea31.jpg */; };
		A1FC8BAB1F0EB26200DB2EC0 /* Notifier.swift in Sources */ = {isa = PBXBuildFile; fileRef = A1FC8BAA1F0EB26200DB2EC0 /* Notifier.swift */; };
		A1FFEF981F59270A00F7784C /* StartJam.swift in Sources */ = {isa = PBXBuildFile; fileRef = A1FFEF971F59270A00F7784C /* StartJam.swift */; };
/* End PBXBuildFile section */

/* Begin PBXFileReference section */
		44F840601F5D97D0004A7A76 /* FilesInteractor.swift */ = {isa = PBXFileReference; fileEncoding = 4; lastKnownFileType = sourcecode.swift; path = FilesInteractor.swift; sourceTree = "<group>"; };
		44F840611F5D97D0004A7A76 /* FilesModels.swift */ = {isa = PBXFileReference; fileEncoding = 4; lastKnownFileType = sourcecode.swift; path = FilesModels.swift; sourceTree = "<group>"; };
		44F840621F5D97D0004A7A76 /* FilesPresenter.swift */ = {isa = PBXFileReference; fileEncoding = 4; lastKnownFileType = sourcecode.swift; path = FilesPresenter.swift; sourceTree = "<group>"; };
		44F840631F5D97D0004A7A76 /* FilesRouter.swift */ = {isa = PBXFileReference; fileEncoding = 4; lastKnownFileType = sourcecode.swift; path = FilesRouter.swift; sourceTree = "<group>"; };
		44F840641F5D97D0004A7A76 /* FilesViewController.swift */ = {isa = PBXFileReference; fileEncoding = 4; lastKnownFileType = sourcecode.swift; path = FilesViewController.swift; sourceTree = "<group>"; };
		44F840651F5D97D0004A7A76 /* FilesWorker.swift */ = {isa = PBXFileReference; fileEncoding = 4; lastKnownFileType = sourcecode.swift; path = FilesWorker.swift; sourceTree = "<group>"; };
		62F3494BCF273792E0C433FA /* Pods_dSoundBoy.framework */ = {isa = PBXFileReference; explicitFileType = wrapper.framework; includeInIndex = 0; path = Pods_dSoundBoy.framework; sourceTree = BUILT_PRODUCTS_DIR; };
		746C380C11FCC93E86152ECD /* Pods_SoundBoy.framework */ = {isa = PBXFileReference; explicitFileType = wrapper.framework; includeInIndex = 0; path = Pods_SoundBoy.framework; sourceTree = BUILT_PRODUCTS_DIR; };
		86DF8B6C1905F85895AC7A46 /* Pods-SoundBoy.release.xcconfig */ = {isa = PBXFileReference; includeInIndex = 1; lastKnownFileType = text.xcconfig; name = "Pods-SoundBoy.release.xcconfig"; path = "Pods/Target Support Files/Pods-SoundBoy/Pods-SoundBoy.release.xcconfig"; sourceTree = "<group>"; };
		A1017CB91F17FCFF00AA1B31 /* WebService.swift */ = {isa = PBXFileReference; fileEncoding = 4; lastKnownFileType = sourcecode.swift; path = WebService.swift; sourceTree = "<group>"; };
		A1017CC11F1951A400AA1B31 /* SoundBoyTests.swift */ = {isa = PBXFileReference; lastKnownFileType = sourcecode.swift; path = SoundBoyTests.swift; sourceTree = "<group>"; };
		A1017CC31F1951A400AA1B31 /* Info.plist */ = {isa = PBXFileReference; lastKnownFileType = text.plist.xml; path = Info.plist; sourceTree = "<group>"; };
		A10E3ED91F5CC2D900DE7812 /* Pulsator.swift */ = {isa = PBXFileReference; fileEncoding = 4; lastKnownFileType = sourcecode.swift; path = Pulsator.swift; sourceTree = "<group>"; };
		A14F9F2D1F09D892009D8D6E /* Helpers.swift */ = {isa = PBXFileReference; fileEncoding = 4; lastKnownFileType = sourcecode.swift; path = Helpers.swift; sourceTree = "<group>"; };
		A14F9F381F0B50A7009D8D6E /* baseOperation.swift */ = {isa = PBXFileReference; fileEncoding = 4; lastKnownFileType = sourcecode.swift; path = baseOperation.swift; sourceTree = "<group>"; };
		A14F9F3A1F0B6197009D8D6E /* AudioUploaderOperation.swift */ = {isa = PBXFileReference; fileEncoding = 4; lastKnownFileType = sourcecode.swift; path = AudioUploaderOperation.swift; sourceTree = "<group>"; };
		A14F9F3D1F0B6363009D8D6E /* AudioFile.swift */ = {isa = PBXFileReference; fileEncoding = 4; lastKnownFileType = sourcecode.swift; path = AudioFile.swift; sourceTree = "<group>"; };
		A153F8061F082BBD00223379 /* JoinStartJamView.swift */ = {isa = PBXFileReference; fileEncoding = 4; lastKnownFileType = sourcecode.swift; path = JoinStartJamView.swift; sourceTree = "<group>"; };
		A153F8081F082BBD00223379 /* CoreDataStore.swift */ = {isa = PBXFileReference; fileEncoding = 4; lastKnownFileType = sourcecode.swift; path = CoreDataStore.swift; sourceTree = "<group>"; };
		A153F80E1F082BBD00223379 /* PlayPause.swift */ = {isa = PBXFileReference; fileEncoding = 4; lastKnownFileType = sourcecode.swift; path = PlayPause.swift; sourceTree = "<group>"; };
		A153F80F1F082BBD00223379 /* Recorder.swift */ = {isa = PBXFileReference; fileEncoding = 4; lastKnownFileType = sourcecode.swift; path = Recorder.swift; sourceTree = "<group>"; };
		A153F8121F082BBD00223379 /* Timer.swift */ = {isa = PBXFileReference; fileEncoding = 4; lastKnownFileType = sourcecode.swift; path = Timer.swift; sourceTree = "<group>"; };
		A155FD211F3E411500B4165F /* App.swift */ = {isa = PBXFileReference; fileEncoding = 4; lastKnownFileType = sourcecode.swift; path = App.swift; sourceTree = "<group>"; };
		A155FD231F3E510A00B4165F /* Customizer.swift */ = {isa = PBXFileReference; fileEncoding = 4; lastKnownFileType = sourcecode.swift; path = Customizer.swift; sourceTree = "<group>"; };
		A17C689A1F59A89800E09CB1 /* UploadJam.swift */ = {isa = PBXFileReference; fileEncoding = 4; lastKnownFileType = sourcecode.swift; path = UploadJam.swift; sourceTree = "<group>"; };
		A17C689C1F5A931C00E09CB1 /* DataServices.swift */ = {isa = PBXFileReference; fileEncoding = 4; lastKnownFileType = sourcecode.swift; path = DataServices.swift; sourceTree = "<group>"; };
		A17D4EBA1F42551200AF1D18 /* LocationManager.swift */ = {isa = PBXFileReference; fileEncoding = 4; lastKnownFileType = sourcecode.swift; path = LocationManager.swift; sourceTree = "<group>"; };
		A1A163A41F647AD300204C73 /* DSoundNav.swift */ = {isa = PBXFileReference; fileEncoding = 4; lastKnownFileType = sourcecode.swift; path = DSoundNav.swift; sourceTree = "<group>"; };
		A1A163A71F64A0A600204C73 /* SettingsInteractor.swift */ = {isa = PBXFileReference; fileEncoding = 4; lastKnownFileType = sourcecode.swift; path = SettingsInteractor.swift; sourceTree = "<group>"; };
		A1A163A81F64A0A600204C73 /* SettingsModels.swift */ = {isa = PBXFileReference; fileEncoding = 4; lastKnownFileType = sourcecode.swift; path = SettingsModels.swift; sourceTree = "<group>"; };
		A1A163A91F64A0A600204C73 /* SettingsPresenter.swift */ = {isa = PBXFileReference; fileEncoding = 4; lastKnownFileType = sourcecode.swift; path = SettingsPresenter.swift; sourceTree = "<group>"; };
		A1A163AA1F64A0A600204C73 /* SettingsRouter.swift */ = {isa = PBXFileReference; fileEncoding = 4; lastKnownFileType = sourcecode.swift; path = SettingsRouter.swift; sourceTree = "<group>"; };
		A1A163AB1F64A0A600204C73 /* SettingsViewController.swift */ = {isa = PBXFileReference; fileEncoding = 4; lastKnownFileType = sourcecode.swift; path = SettingsViewController.swift; sourceTree = "<group>"; };
		A1A163AC1F64A0A600204C73 /* SettingsWorker.swift */ = {isa = PBXFileReference; fileEncoding = 4; lastKnownFileType = sourcecode.swift; path = SettingsWorker.swift; sourceTree = "<group>"; };
		A1AE8A291F02102500B979D6 /* dSoundBoy.app */ = {isa = PBXFileReference; explicitFileType = wrapper.application; includeInIndex = 0; path = dSoundBoy.app; sourceTree = BUILT_PRODUCTS_DIR; };
		A1AE8A2C1F02102500B979D6 /* AppDelegate.swift */ = {isa = PBXFileReference; lastKnownFileType = sourcecode.swift; path = AppDelegate.swift; sourceTree = "<group>"; };
		A1AE8A331F02102500B979D6 /* Assets.xcassets */ = {isa = PBXFileReference; lastKnownFileType = folder.assetcatalog; path = Assets.xcassets; sourceTree = "<group>"; };
		A1AE8A361F02102500B979D6 /* Base */ = {isa = PBXFileReference; lastKnownFileType = file.storyboard; name = Base; path = Base.lproj/LaunchScreen.storyboard; sourceTree = "<group>"; };
		A1AE8A381F02102500B979D6 /* Info.plist */ = {isa = PBXFileReference; lastKnownFileType = text.plist.xml; path = Info.plist; sourceTree = "<group>"; };
		A1B66A7C1F5559CA001F3B00 /* LoginInteractor.swift */ = {isa = PBXFileReference; fileEncoding = 4; lastKnownFileType = sourcecode.swift; path = LoginInteractor.swift; sourceTree = "<group>"; };
		A1B66A7D1F5559CA001F3B00 /* LoginModels.swift */ = {isa = PBXFileReference; fileEncoding = 4; lastKnownFileType = sourcecode.swift; path = LoginModels.swift; sourceTree = "<group>"; };
		A1B66A7E1F5559CA001F3B00 /* LoginPresenter.swift */ = {isa = PBXFileReference; fileEncoding = 4; lastKnownFileType = sourcecode.swift; path = LoginPresenter.swift; sourceTree = "<group>"; };
		A1B66A7F1F5559CA001F3B00 /* LoginRouter.swift */ = {isa = PBXFileReference; fileEncoding = 4; lastKnownFileType = sourcecode.swift; path = LoginRouter.swift; sourceTree = "<group>"; };
		A1B66A801F5559CA001F3B00 /* LoginViewController.swift */ = {isa = PBXFileReference; fileEncoding = 4; lastKnownFileType = sourcecode.swift; path = LoginViewController.swift; sourceTree = "<group>"; };
		A1B66A811F5559CA001F3B00 /* LoginWorker.swift */ = {isa = PBXFileReference; fileEncoding = 4; lastKnownFileType = sourcecode.swift; path = LoginWorker.swift; sourceTree = "<group>"; };
		A1B66A881F555E64001F3B00 /* MainInteractor.swift */ = {isa = PBXFileReference; fileEncoding = 4; lastKnownFileType = sourcecode.swift; path = MainInteractor.swift; sourceTree = "<group>"; };
		A1B66A891F555E64001F3B00 /* MainModels.swift */ = {isa = PBXFileReference; fileEncoding = 4; lastKnownFileType = sourcecode.swift; path = MainModels.swift; sourceTree = "<group>"; };
		A1B66A8A1F555E64001F3B00 /* MainPresenter.swift */ = {isa = PBXFileReference; fileEncoding = 4; lastKnownFileType = sourcecode.swift; path = MainPresenter.swift; sourceTree = "<group>"; };
		A1B66A8B1F555E64001F3B00 /* MainRouter.swift */ = {isa = PBXFileReference; fileEncoding = 4; lastKnownFileType = sourcecode.swift; path = MainRouter.swift; sourceTree = "<group>"; };
		A1B66A8C1F555E64001F3B00 /* MainViewController.swift */ = {isa = PBXFileReference; fileEncoding = 4; lastKnownFileType = sourcecode.swift; path = MainViewController.swift; sourceTree = "<group>"; };
		A1B66A8D1F555E64001F3B00 /* MainWorker.swift */ = {isa = PBXFileReference; fileEncoding = 4; lastKnownFileType = sourcecode.swift; path = MainWorker.swift; sourceTree = "<group>"; };
		A1B66AA21F57470A001F3B00 /* JoinJamInteractor.swift */ = {isa = PBXFileReference; fileEncoding = 4; lastKnownFileType = sourcecode.swift; path = JoinJamInteractor.swift; sourceTree = "<group>"; };
		A1B66AA31F57470A001F3B00 /* JoinJamModels.swift */ = {isa = PBXFileReference; fileEncoding = 4; lastKnownFileType = sourcecode.swift; path = JoinJamModels.swift; sourceTree = "<group>"; };
		A1B66AA41F57470A001F3B00 /* JoinJamPresenter.swift */ = {isa = PBXFileReference; fileEncoding = 4; lastKnownFileType = sourcecode.swift; path = JoinJamPresenter.swift; sourceTree = "<group>"; };
		A1B66AA51F57470A001F3B00 /* JoinJamRouter.swift */ = {isa = PBXFileReference; fileEncoding = 4; lastKnownFileType = sourcecode.swift; path = JoinJamRouter.swift; sourceTree = "<group>"; };
		A1B66AA61F57470A001F3B00 /* JoinJamViewController.swift */ = {isa = PBXFileReference; fileEncoding = 4; lastKnownFileType = sourcecode.swift; path = JoinJamViewController.swift; sourceTree = "<group>"; };
		A1B66AA71F57470A001F3B00 /* JoinJamWorker.swift */ = {isa = PBXFileReference; fileEncoding = 4; lastKnownFileType = sourcecode.swift; path = JoinJamWorker.swift; sourceTree = "<group>"; };
		A1B66AAF1F57C9FA001F3B00 /* CoreData.xcdatamodel */ = {isa = PBXFileReference; lastKnownFileType = wrapper.xcdatamodel; path = CoreData.xcdatamodel; sourceTree = "<group>"; };
		A1B66AB91F57FB3A001F3B00 /* UserServices.swift */ = {isa = PBXFileReference; fileEncoding = 4; lastKnownFileType = sourcecode.swift; path = UserServices.swift; sourceTree = "<group>"; };
		A1F203011F5E37A70023484D /* JamCoreDataFetch.swift */ = {isa = PBXFileReference; fileEncoding = 4; lastKnownFileType = sourcecode.swift; path = JamCoreDataFetch.swift; sourceTree = "<group>"; };
		A1F203041F5E38B80023484D /* FacebookAPI.swift */ = {isa = PBXFileReference; fileEncoding = 4; lastKnownFileType = sourcecode.swift; path = FacebookAPI.swift; sourceTree = "<group>"; };
		A1F203061F5E39490023484D /* JamCoreDataSave.swift */ = {isa = PBXFileReference; fileEncoding = 4; lastKnownFileType = sourcecode.swift; path = JamCoreDataSave.swift; sourceTree = "<group>"; };
		A1F203081F5E39B10023484D /* UserCoreDataFetch.swift */ = {isa = PBXFileReference; fileEncoding = 4; lastKnownFileType = sourcecode.swift; path = UserCoreDataFetch.swift; sourceTree = "<group>"; };
		A1F2030A1F5E39E00023484D /* UserCoreDataSave.swift */ = {isa = PBXFileReference; fileEncoding = 4; lastKnownFileType = sourcecode.swift; path = UserCoreDataSave.swift; sourceTree = "<group>"; };
		A1F2030C1F61C7A20023484D /* JoinJam.swift */ = {isa = PBXFileReference; fileEncoding = 4; lastKnownFileType = sourcecode.swift; path = JoinJam.swift; sourceTree = "<group>"; };
		A1F2030E1F61C8710023484D /* JamBaseServices.swift */ = {isa = PBXFileReference; fileEncoding = 4; lastKnownFileType = sourcecode.swift; path = JamBaseServices.swift; sourceTree = "<group>"; };
		A1F203101F62341F0023484D /* PinView.swift */ = {isa = PBXFileReference; fileEncoding = 4; lastKnownFileType = sourcecode.swift; path = PinView.swift; sourceTree = "<group>"; };
		A1F203121F637E280023484D /* 0deea31.jpg */ = {isa = PBXFileReference; lastKnownFileType = image.jpeg; path = 0deea31.jpg; sourceTree = "<group>"; };
		A1FC8BAA1F0EB26200DB2EC0 /* Notifier.swift */ = {isa = PBXFileReference; fileEncoding = 4; lastKnownFileType = sourcecode.swift; path = Notifier.swift; sourceTree = "<group>"; };
		A1FFEF971F59270A00F7784C /* StartJam.swift */ = {isa = PBXFileReference; fileEncoding = 4; lastKnownFileType = sourcecode.swift; path = StartJam.swift; sourceTree = "<group>"; };
		A6C9E836C41A9D63E634CE27 /* Pods-dSoundBoy.release.xcconfig */ = {isa = PBXFileReference; includeInIndex = 1; lastKnownFileType = text.xcconfig; name = "Pods-dSoundBoy.release.xcconfig"; path = "Pods/Target Support Files/Pods-dSoundBoy/Pods-dSoundBoy.release.xcconfig"; sourceTree = "<group>"; };
		C069FEA3A8D01821895BF5C5 /* Pods-SoundBoy.debug.xcconfig */ = {isa = PBXFileReference; includeInIndex = 1; lastKnownFileType = text.xcconfig; name = "Pods-SoundBoy.debug.xcconfig"; path = "Pods/Target Support Files/Pods-SoundBoy/Pods-SoundBoy.debug.xcconfig"; sourceTree = "<group>"; };
		F480E3F31B21DD8468E22F3E /* Pods-dSoundBoy.debug.xcconfig */ = {isa = PBXFileReference; includeInIndex = 1; lastKnownFileType = text.xcconfig; name = "Pods-dSoundBoy.debug.xcconfig"; path = "Pods/Target Support Files/Pods-dSoundBoy/Pods-dSoundBoy.debug.xcconfig"; sourceTree = "<group>"; };
/* End PBXFileReference section */

/* Begin PBXFrameworksBuildPhase section */
		A1AE8A261F02102500B979D6 /* Frameworks */ = {
			isa = PBXFrameworksBuildPhase;
			buildActionMask = 2147483647;
			files = (
				A1F203001F5CEC820023484D /* Pods_dSoundBoy.framework in Frameworks */,
			);
			runOnlyForDeploymentPostprocessing = 0;
		};
/* End PBXFrameworksBuildPhase section */

/* Begin PBXGroup section */
		87AFCD388E9A1349D9414E3F /* Frameworks */ = {
			isa = PBXGroup;
			children = (
				746C380C11FCC93E86152ECD /* Pods_SoundBoy.framework */,
				62F3494BCF273792E0C433FA /* Pods_dSoundBoy.framework */,
			);
			name = Frameworks;
			sourceTree = "<group>";
		};
		99495EC85BA2514731C07453 /* Pods */ = {
			isa = PBXGroup;
			children = (
				C069FEA3A8D01821895BF5C5 /* Pods-SoundBoy.debug.xcconfig */,
				86DF8B6C1905F85895AC7A46 /* Pods-SoundBoy.release.xcconfig */,
				F480E3F31B21DD8468E22F3E /* Pods-dSoundBoy.debug.xcconfig */,
				A6C9E836C41A9D63E634CE27 /* Pods-dSoundBoy.release.xcconfig */,
			);
			name = Pods;
			sourceTree = "<group>";
		};
		A1017CA71F15F11F00AA1B31 /* Login */ = {
			isa = PBXGroup;
			children = (
				A1B66A7C1F5559CA001F3B00 /* LoginInteractor.swift */,
				A1B66A7D1F5559CA001F3B00 /* LoginModels.swift */,
				A1B66A7E1F5559CA001F3B00 /* LoginPresenter.swift */,
				A1B66A7F1F5559CA001F3B00 /* LoginRouter.swift */,
				A1B66A801F5559CA001F3B00 /* LoginViewController.swift */,
				A1B66A811F5559CA001F3B00 /* LoginWorker.swift */,
			);
			name = Login;
			sourceTree = "<group>";
		};
		A1017CB41F16CA8200AA1B31 /* Custom */ = {
			isa = PBXGroup;
			children = (
				A10E3ED91F5CC2D900DE7812 /* Pulsator.swift */,
				A1A163A41F647AD300204C73 /* DSoundNav.swift */,
			);
			name = Custom;
			sourceTree = "<group>";
		};
		A1017CC01F1951A400AA1B31 /* SoundBoyTests */ = {
			isa = PBXGroup;
			children = (
				A1017CC11F1951A400AA1B31 /* SoundBoyTests.swift */,
				A1017CC31F1951A400AA1B31 /* Info.plist */,
			);
			path = SoundBoyTests;
			sourceTree = "<group>";
		};
		A14F9F291F09CD3F009D8D6E /* Recorder */ = {
			isa = PBXGroup;
			children = (
				A153F8121F082BBD00223379 /* Timer.swift */,
				A153F80F1F082BBD00223379 /* Recorder.swift */,
			);
			name = Recorder;
			sourceTree = "<group>";
		};
		A14F9F2C1F09D877009D8D6E /* Helpers */ = {
			isa = PBXGroup;
			children = (
				A14F9F2D1F09D892009D8D6E /* Helpers.swift */,
				A1FC8BAA1F0EB26200DB2EC0 /* Notifier.swift */,
				A155FD231F3E510A00B4165F /* Customizer.swift */,
			);
			name = Helpers;
			sourceTree = "<group>";
		};
		A14F9F321F0B5023009D8D6E /* resources */ = {
			isa = PBXGroup;
			children = (
				A1AE8A381F02102500B979D6 /* Info.plist */,
				A1AE8A351F02102500B979D6 /* LaunchScreen.storyboard */,
				A1AE8A331F02102500B979D6 /* Assets.xcassets */,
			);
			name = resources;
			path = SoundBoy;
			sourceTree = "<group>";
		};
		A14F9F331F0B5041009D8D6E /* Models */ = {
			isa = PBXGroup;
			children = (
				A14F9F3D1F0B6363009D8D6E /* AudioFile.swift */,
			);
			name = Models;
			sourceTree = "<group>";
		};
		A14F9F341F0B5059009D8D6E /* Scenes */ = {
			isa = PBXGroup;
			children = (
				A1A163A61F64A08F00204C73 /* Settings */,
				A1B66AA11F5746E3001F3B00 /* JoinJam */,
				A1017CA71F15F11F00AA1B31 /* Login */,
				A1FC8BB01F105F7000DB2EC0 /* Main */,
				A1FC8BB31F105FB100DB2EC0 /* Files */,
			);
			name = Scenes;
			sourceTree = "<group>";
		};
		A14F9F361F0B507D009D8D6E /* Services */ = {
			isa = PBXGroup;
			children = (
				A1F203031F5E37D20023484D /* CoreData */,
				A17C68991F5928AF00E09CB1 /* User */,
				A17C68981F5928A300E09CB1 /* Jam */,
				A17C68971F59289200E09CB1 /* Common */,
			);
			name = Services;
			sourceTree = "<group>";
		};
		A14F9F371F0B5088009D8D6E /* OperationsQueue */ = {
			isa = PBXGroup;
			children = (
				A14F9F3C1F0B634A009D8D6E /* Operation Resources */,
				A14F9F381F0B50A7009D8D6E /* baseOperation.swift */,
				A14F9F3A1F0B6197009D8D6E /* AudioUploaderOperation.swift */,
			);
			name = OperationsQueue;
			sourceTree = "<group>";
		};
		A14F9F3C1F0B634A009D8D6E /* Operation Resources */ = {
			isa = PBXGroup;
			children = (
			);
			name = "Operation Resources";
			sourceTree = "<group>";
		};
		A155FD201F3E40FE00B4165F /* App */ = {
			isa = PBXGroup;
			children = (
				A155FD211F3E411500B4165F /* App.swift */,
				A1AE8A2C1F02102500B979D6 /* AppDelegate.swift */,
			);
			name = App;
			sourceTree = "<group>";
		};
		A17C68971F59289200E09CB1 /* Common */ = {
			isa = PBXGroup;
			children = (
				A1017CB91F17FCFF00AA1B31 /* WebService.swift */,
				A17D4EBA1F42551200AF1D18 /* LocationManager.swift */,
			);
			name = Common;
			sourceTree = "<group>";
		};
		A17C68981F5928A300E09CB1 /* Jam */ = {
			isa = PBXGroup;
			children = (
				A1F2030E1F61C8710023484D /* JamBaseServices.swift */,
				A1FFEF971F59270A00F7784C /* StartJam.swift */,
				A17C689A1F59A89800E09CB1 /* UploadJam.swift */,
				A1F2030C1F61C7A20023484D /* JoinJam.swift */,
				A1F203061F5E39490023484D /* JamCoreDataSave.swift */,
				A1F203011F5E37A70023484D /* JamCoreDataFetch.swift */,
			);
			name = Jam;
			sourceTree = "<group>";
		};
		A17C68991F5928AF00E09CB1 /* User */ = {
			isa = PBXGroup;
			children = (
				A1B66AB91F57FB3A001F3B00 /* UserServices.swift */,
				A1F203041F5E38B80023484D /* FacebookAPI.swift */,
				A1F203081F5E39B10023484D /* UserCoreDataFetch.swift */,
				A1F2030A1F5E39E00023484D /* UserCoreDataSave.swift */,
			);
			name = User;
			sourceTree = "<group>";
		};
		A17C689E1F5B60CC00E09CB1 /* View */ = {
			isa = PBXGroup;
			children = (
				A153F8061F082BBD00223379 /* JoinStartJamView.swift */,
				A153F80E1F082BBD00223379 /* PlayPause.swift */,
				A1F203101F62341F0023484D /* PinView.swift */,
			);
			name = View;
			sourceTree = "<group>";
		};
		A1A163A61F64A08F00204C73 /* Settings */ = {
			isa = PBXGroup;
			children = (
				A1A163A71F64A0A600204C73 /* SettingsInteractor.swift */,
				A1A163A81F64A0A600204C73 /* SettingsModels.swift */,
				A1A163A91F64A0A600204C73 /* SettingsPresenter.swift */,
				A1A163AA1F64A0A600204C73 /* SettingsRouter.swift */,
				A1A163AB1F64A0A600204C73 /* SettingsViewController.swift */,
				A1A163AC1F64A0A600204C73 /* SettingsWorker.swift */,
			);
			name = Settings;
			sourceTree = "<group>";
		};
		A1AE8A201F02102500B979D6 = {
			isa = PBXGroup;
			children = (
				A1AE8A2B1F02102500B979D6 /* SoundBoy */,
				A14F9F321F0B5023009D8D6E /* resources */,
				A1017CC01F1951A400AA1B31 /* SoundBoyTests */,
				A1AE8A2A1F02102500B979D6 /* Products */,
				99495EC85BA2514731C07453 /* Pods */,
				87AFCD388E9A1349D9414E3F /* Frameworks */,
			);
			sourceTree = "<group>";
		};
		A1AE8A2A1F02102500B979D6 /* Products */ = {
			isa = PBXGroup;
			children = (
				A1AE8A291F02102500B979D6 /* dSoundBoy.app */,
			);
			name = Products;
			sourceTree = "<group>";
		};
		A1AE8A2B1F02102500B979D6 /* SoundBoy */ = {
			isa = PBXGroup;
			children = (
				A1F203121F637E280023484D /* 0deea31.jpg */,
				A155FD201F3E40FE00B4165F /* App */,
				A1017CB41F16CA8200AA1B31 /* Custom */,
				A14F9F371F0B5088009D8D6E /* OperationsQueue */,
				A14F9F361F0B507D009D8D6E /* Services */,
				A14F9F341F0B5059009D8D6E /* Scenes */,
				A14F9F331F0B5041009D8D6E /* Models */,
				A14F9F2C1F09D877009D8D6E /* Helpers */,
				A14F9F291F09CD3F009D8D6E /* Recorder */,
			);
			path = SoundBoy;
			sourceTree = "<group>";
		};
		A1B66AA11F5746E3001F3B00 /* JoinJam */ = {
			isa = PBXGroup;
			children = (
				A1B66AA21F57470A001F3B00 /* JoinJamInteractor.swift */,
				A1B66AA31F57470A001F3B00 /* JoinJamModels.swift */,
				A1B66AA41F57470A001F3B00 /* JoinJamPresenter.swift */,
				A1B66AA51F57470A001F3B00 /* JoinJamRouter.swift */,
				A1B66AA61F57470A001F3B00 /* JoinJamViewController.swift */,
				A1B66AA71F57470A001F3B00 /* JoinJamWorker.swift */,
			);
			name = JoinJam;
			sourceTree = "<group>";
		};
		A1F203031F5E37D20023484D /* CoreData */ = {
			isa = PBXGroup;
			children = (
				A1B66AAE1F57C9FA001F3B00 /* CoreData.xcdatamodeld */,
				A17C689C1F5A931C00E09CB1 /* DataServices.swift */,
				A153F8081F082BBD00223379 /* CoreDataStore.swift */,
			);
			name = CoreData;
			sourceTree = "<group>";
		};
		A1FC8BB01F105F7000DB2EC0 /* Main */ = {
			isa = PBXGroup;
			children = (
				A17C689E1F5B60CC00E09CB1 /* View */,
				A1B66A881F555E64001F3B00 /* MainInteractor.swift */,
				A1B66A891F555E64001F3B00 /* MainModels.swift */,
				A1B66A8A1F555E64001F3B00 /* MainPresenter.swift */,
				A1B66A8B1F555E64001F3B00 /* MainRouter.swift */,
				A1B66A8C1F555E64001F3B00 /* MainViewController.swift */,
				A1B66A8D1F555E64001F3B00 /* MainWorker.swift */,
			);
			name = Main;
			sourceTree = "<group>";
		};
		A1FC8BB31F105FB100DB2EC0 /* Files */ = {
			isa = PBXGroup;
			children = (
				44F840601F5D97D0004A7A76 /* FilesInteractor.swift */,
				44F840611F5D97D0004A7A76 /* FilesModels.swift */,
				44F840621F5D97D0004A7A76 /* FilesPresenter.swift */,
				44F840631F5D97D0004A7A76 /* FilesRouter.swift */,
				44F840641F5D97D0004A7A76 /* FilesViewController.swift */,
				44F840651F5D97D0004A7A76 /* FilesWorker.swift */,
			);
			name = Files;
			sourceTree = "<group>";
		};
/* End PBXGroup section */

/* Begin PBXNativeTarget section */
		A1AE8A281F02102500B979D6 /* dSoundBoy */ = {
			isa = PBXNativeTarget;
			buildConfigurationList = A1AE8A3B1F02102500B979D6 /* Build configuration list for PBXNativeTarget "dSoundBoy" */;
			buildPhases = (
				53711701A256511CA4A56535 /* [CP] Check Pods Manifest.lock */,
				A1AE8A251F02102500B979D6 /* Sources */,
				A1AE8A261F02102500B979D6 /* Frameworks */,
				A1AE8A271F02102500B979D6 /* Resources */,
				58D852F7E035F1D5E3202A56 /* [CP] Embed Pods Frameworks */,
				52C19FFC0BF5B76DF9F8358C /* [CP] Copy Pods Resources */,
			);
			buildRules = (
			);
			dependencies = (
			);
			name = dSoundBoy;
			productName = SoundBoy;
			productReference = A1AE8A291F02102500B979D6 /* dSoundBoy.app */;
			productType = "com.apple.product-type.application";
		};
/* End PBXNativeTarget section */

/* Begin PBXProject section */
		A1AE8A211F02102500B979D6 /* Project object */ = {
			isa = PBXProject;
			attributes = {
				LastSwiftUpdateCheck = 0830;
				LastUpgradeCheck = 0830;
				ORGANIZATIONNAME = DragLabs;
				TargetAttributes = {
					A1AE8A281F02102500B979D6 = {
						CreatedOnToolsVersion = 8.3.3;
						DevelopmentTeam = V9QHFMVFWZ;
						ProvisioningStyle = Automatic;
					};
				};
			};
			buildConfigurationList = A1AE8A241F02102500B979D6 /* Build configuration list for PBXProject "SoundBoy" */;
			compatibilityVersion = "Xcode 3.2";
			developmentRegion = English;
			hasScannedForEncodings = 0;
			knownRegions = (
				en,
				Base,
			);
			mainGroup = A1AE8A201F02102500B979D6;
			productRefGroup = A1AE8A2A1F02102500B979D6 /* Products */;
			projectDirPath = "";
			projectRoot = "";
			targets = (
				A1AE8A281F02102500B979D6 /* dSoundBoy */,
			);
		};
/* End PBXProject section */

/* Begin PBXResourcesBuildPhase section */
		A1AE8A271F02102500B979D6 /* Resources */ = {
			isa = PBXResourcesBuildPhase;
			buildActionMask = 2147483647;
			files = (
				A1AE8A371F02102500B979D6 /* LaunchScreen.storyboard in Resources */,
				A1F203131F637E280023484D /* 0deea31.jpg in Resources */,
				A1AE8A341F02102500B979D6 /* Assets.xcassets in Resources */,
			);
			runOnlyForDeploymentPostprocessing = 0;
		};
/* End PBXResourcesBuildPhase section */

/* Begin PBXShellScriptBuildPhase section */
		52C19FFC0BF5B76DF9F8358C /* [CP] Copy Pods Resources */ = {
			isa = PBXShellScriptBuildPhase;
			buildActionMask = 2147483647;
			files = (
			);
			inputPaths = (
			);
			name = "[CP] Copy Pods Resources";
			outputPaths = (
			);
			runOnlyForDeploymentPostprocessing = 0;
			shellPath = /bin/sh;
			shellScript = "\"${SRCROOT}/Pods/Target Support Files/Pods-dSoundBoy/Pods-dSoundBoy-resources.sh\"\n";
			showEnvVarsInLog = 0;
		};
		53711701A256511CA4A56535 /* [CP] Check Pods Manifest.lock */ = {
			isa = PBXShellScriptBuildPhase;
			buildActionMask = 2147483647;
			files = (
			);
			inputPaths = (
			);
			name = "[CP] Check Pods Manifest.lock";
			outputPaths = (
			);
			runOnlyForDeploymentPostprocessing = 0;
			shellPath = /bin/sh;
			shellScript = "diff \"${PODS_PODFILE_DIR_PATH}/Podfile.lock\" \"${PODS_ROOT}/Manifest.lock\" > /dev/null\nif [ $? != 0 ] ; then\n    # print error to STDERR\n    echo \"error: The sandbox is not in sync with the Podfile.lock. Run 'pod install' or update your CocoaPods installation.\" >&2\n    exit 1\nfi\n";
			showEnvVarsInLog = 0;
		};
		58D852F7E035F1D5E3202A56 /* [CP] Embed Pods Frameworks */ = {
			isa = PBXShellScriptBuildPhase;
			buildActionMask = 2147483647;
			files = (
			);
			inputPaths = (
			);
			name = "[CP] Embed Pods Frameworks";
			outputPaths = (
			);
			runOnlyForDeploymentPostprocessing = 0;
			shellPath = /bin/sh;
			shellScript = "\"${SRCROOT}/Pods/Target Support Files/Pods-dSoundBoy/Pods-dSoundBoy-frameworks.sh\"\n";
			showEnvVarsInLog = 0;
		};
/* End PBXShellScriptBuildPhase section */

/* Begin PBXSourcesBuildPhase section */
		A1AE8A251F02102500B979D6 /* Sources */ = {
			isa = PBXSourcesBuildPhase;
			buildActionMask = 2147483647;
			files = (
				44F840691F5D97D0004A7A76 /* FilesRouter.swift in Sources */,
				A1B66A841F5559CA001F3B00 /* LoginPresenter.swift in Sources */,
				A1F203021F5E37A70023484D /* JamCoreDataFetch.swift in Sources */,
				A1B66AAD1F57470A001F3B00 /* JoinJamWorker.swift in Sources */,
				44F8406A1F5D97D0004A7A76 /* FilesViewController.swift in Sources */,
				44F840671F5D97D0004A7A76 /* FilesModels.swift in Sources */,
				A10E3EDA1F5CC2D900DE7812 /* Pulsator.swift in Sources */,
				A1FC8BAB1F0EB26200DB2EC0 /* Notifier.swift in Sources */,
				A1A163AF1F64A0A600204C73 /* SettingsPresenter.swift in Sources */,
				A14F9F3E1F0B6363009D8D6E /* AudioFile.swift in Sources */,
				A153F8191F082BBD00223379 /* CoreDataStore.swift in Sources */,
				A14F9F2E1F09D892009D8D6E /* Helpers.swift in Sources */,
				A1A163B11F64A0A600204C73 /* SettingsViewController.swift in Sources */,
				A153F81E1F082BBD00223379 /* PlayPause.swift in Sources */,
				A1A163A51F647AD300204C73 /* DSoundNav.swift in Sources */,
				A1B66A851F5559CA001F3B00 /* LoginRouter.swift in Sources */,
				A14F9F3B1F0B6197009D8D6E /* AudioUploaderOperation.swift in Sources */,
				A1F2030D1F61C7A20023484D /* JoinJam.swift in Sources */,
				A1F203051F5E38B80023484D /* FacebookAPI.swift in Sources */,
				A1B66A821F5559CA001F3B00 /* LoginInteractor.swift in Sources */,
				A1F203071F5E39490023484D /* JamCoreDataSave.swift in Sources */,
				A153F81F1F082BBD00223379 /* Recorder.swift in Sources */,
				A1A163B21F64A0A600204C73 /* SettingsWorker.swift in Sources */,
				A153F8211F082BBD00223379 /* Timer.swift in Sources */,
				A1F203091F5E39B10023484D /* UserCoreDataFetch.swift in Sources */,
				44F840661F5D97D0004A7A76 /* FilesInteractor.swift in Sources */,
				A17C689D1F5A931C00E09CB1 /* DataServices.swift in Sources */,
				A155FD221F3E411500B4165F /* App.swift in Sources */,
				A1017CBA1F17FCFF00AA1B31 /* WebService.swift in Sources */,
				A1F203111F62341F0023484D /* PinView.swift in Sources */,
				A1B66AA91F57470A001F3B00 /* JoinJamModels.swift in Sources */,
				A1B66A931F555E64001F3B00 /* MainWorker.swift in Sources */,
				A1FFEF981F59270A00F7784C /* StartJam.swift in Sources */,
				A1B66AB01F57C9FA001F3B00 /* CoreData.xcdatamodeld in Sources */,
				A14F9F391F0B50A7009D8D6E /* baseOperation.swift in Sources */,
				A1B66AAA1F57470A001F3B00 /* JoinJamPresenter.swift in Sources */,
				A153F8171F082BBD00223379 /* JoinStartJamView.swift in Sources */,
				A1F2030B1F5E39E00023484D /* UserCoreDataSave.swift in Sources */,
				A1B66A8F1F555E64001F3B00 /* MainModels.swift in Sources */,
				A1A163AE1F64A0A600204C73 /* SettingsModels.swift in Sources */,
				44F8406B1F5D97D0004A7A76 /* FilesWorker.swift in Sources */,
				A1B66ABA1F57FB3A001F3B00 /* UserServices.swift in Sources */,
				A1A163AD1F64A0A600204C73 /* SettingsInteractor.swift in Sources */,
				A1AE8A2D1F02102500B979D6 /* AppDelegate.swift in Sources */,
				A1F2030F1F61C8710023484D /* JamBaseServices.swift in Sources */,
				A155FD241F3E510A00B4165F /* Customizer.swift in Sources */,
				A1B66AA81F57470A001F3B00 /* JoinJamInteractor.swift in Sources */,
				A1B66A901F555E64001F3B00 /* MainPresenter.swift in Sources */,
				A1B66A921F555E64001F3B00 /* MainViewController.swift in Sources */,
				A17C689B1F59A89800E09CB1 /* UploadJam.swift in Sources */,
				A1B66A831F5559CA001F3B00 /* LoginModels.swift in Sources */,
				A17D4EBB1F42551200AF1D18 /* LocationManager.swift in Sources */,
				A1B66AAC1F57470A001F3B00 /* JoinJamViewController.swift in Sources */,
				A1A163B01F64A0A600204C73 /* SettingsRouter.swift in Sources */,
				A1B66A871F5559CA001F3B00 /* LoginWorker.swift in Sources */,
				A1B66AAB1F57470A001F3B00 /* JoinJamRouter.swift in Sources */,
				A1B66A861F5559CA001F3B00 /* LoginViewController.swift in Sources */,
				44F840681F5D97D0004A7A76 /* FilesPresenter.swift in Sources */,
				A1B66A8E1F555E64001F3B00 /* MainInteractor.swift in Sources */,
				A1B66A911F555E64001F3B00 /* MainRouter.swift in Sources */,
			);
			runOnlyForDeploymentPostprocessing = 0;
		};
/* End PBXSourcesBuildPhase section */

/* Begin PBXVariantGroup section */
		A1AE8A351F02102500B979D6 /* LaunchScreen.storyboard */ = {
			isa = PBXVariantGroup;
			children = (
				A1AE8A361F02102500B979D6 /* Base */,
			);
			name = LaunchScreen.storyboard;
			sourceTree = "<group>";
		};
/* End PBXVariantGroup section */

/* Begin XCBuildConfiguration section */
		A1AE8A391F02102500B979D6 /* Debug */ = {
			isa = XCBuildConfiguration;
			buildSettings = {
				ALWAYS_SEARCH_USER_PATHS = NO;
				CLANG_ANALYZER_NONNULL = YES;
				CLANG_ANALYZER_NUMBER_OBJECT_CONVERSION = YES_AGGRESSIVE;
				CLANG_CXX_LANGUAGE_STANDARD = "gnu++0x";
				CLANG_CXX_LIBRARY = "libc++";
				CLANG_ENABLE_MODULES = YES;
				CLANG_ENABLE_OBJC_ARC = YES;
				CLANG_WARN_BOOL_CONVERSION = YES;
				CLANG_WARN_CONSTANT_CONVERSION = YES;
				CLANG_WARN_DIRECT_OBJC_ISA_USAGE = YES_ERROR;
				CLANG_WARN_DOCUMENTATION_COMMENTS = YES;
				CLANG_WARN_EMPTY_BODY = YES;
				CLANG_WARN_ENUM_CONVERSION = YES;
				CLANG_WARN_INFINITE_RECURSION = YES;
				CLANG_WARN_INT_CONVERSION = YES;
				CLANG_WARN_OBJC_ROOT_CLASS = YES_ERROR;
				CLANG_WARN_SUSPICIOUS_MOVE = YES;
				CLANG_WARN_UNREACHABLE_CODE = YES;
				CLANG_WARN__DUPLICATE_METHOD_MATCH = YES;
				"CODE_SIGN_IDENTITY[sdk=iphoneos*]" = "iPhone Developer";
				COPY_PHASE_STRIP = NO;
				DEBUG_INFORMATION_FORMAT = dwarf;
				ENABLE_STRICT_OBJC_MSGSEND = YES;
				ENABLE_TESTABILITY = YES;
				GCC_C_LANGUAGE_STANDARD = gnu99;
				GCC_DYNAMIC_NO_PIC = NO;
				GCC_NO_COMMON_BLOCKS = YES;
				GCC_OPTIMIZATION_LEVEL = 0;
				GCC_PREPROCESSOR_DEFINITIONS = (
					"DEBUG=1",
					"$(inherited)",
				);
				GCC_WARN_64_TO_32_BIT_CONVERSION = YES;
				GCC_WARN_ABOUT_RETURN_TYPE = YES_ERROR;
				GCC_WARN_UNDECLARED_SELECTOR = YES;
				GCC_WARN_UNINITIALIZED_AUTOS = YES_AGGRESSIVE;
				GCC_WARN_UNUSED_FUNCTION = YES;
				GCC_WARN_UNUSED_VARIABLE = YES;
				IPHONEOS_DEPLOYMENT_TARGET = 10.3;
				MTL_ENABLE_DEBUG_INFO = YES;
				ONLY_ACTIVE_ARCH = YES;
				SDKROOT = iphoneos;
				SWIFT_ACTIVE_COMPILATION_CONDITIONS = DEBUG;
				SWIFT_OPTIMIZATION_LEVEL = "-Onone";
			};
			name = Debug;
		};
		A1AE8A3A1F02102500B979D6 /* Release */ = {
			isa = XCBuildConfiguration;
			buildSettings = {
				ALWAYS_SEARCH_USER_PATHS = NO;
				CLANG_ANALYZER_NONNULL = YES;
				CLANG_ANALYZER_NUMBER_OBJECT_CONVERSION = YES_AGGRESSIVE;
				CLANG_CXX_LANGUAGE_STANDARD = "gnu++0x";
				CLANG_CXX_LIBRARY = "libc++";
				CLANG_ENABLE_MODULES = YES;
				CLANG_ENABLE_OBJC_ARC = YES;
				CLANG_WARN_BOOL_CONVERSION = YES;
				CLANG_WARN_CONSTANT_CONVERSION = YES;
				CLANG_WARN_DIRECT_OBJC_ISA_USAGE = YES_ERROR;
				CLANG_WARN_DOCUMENTATION_COMMENTS = YES;
				CLANG_WARN_EMPTY_BODY = YES;
				CLANG_WARN_ENUM_CONVERSION = YES;
				CLANG_WARN_INFINITE_RECURSION = YES;
				CLANG_WARN_INT_CONVERSION = YES;
				CLANG_WARN_OBJC_ROOT_CLASS = YES_ERROR;
				CLANG_WARN_SUSPICIOUS_MOVE = YES;
				CLANG_WARN_UNREACHABLE_CODE = YES;
				CLANG_WARN__DUPLICATE_METHOD_MATCH = YES;
				"CODE_SIGN_IDENTITY[sdk=iphoneos*]" = "iPhone Developer";
				COPY_PHASE_STRIP = NO;
				DEBUG_INFORMATION_FORMAT = "dwarf-with-dsym";
				ENABLE_NS_ASSERTIONS = NO;
				ENABLE_STRICT_OBJC_MSGSEND = YES;
				GCC_C_LANGUAGE_STANDARD = gnu99;
				GCC_NO_COMMON_BLOCKS = YES;
				GCC_WARN_64_TO_32_BIT_CONVERSION = YES;
				GCC_WARN_ABOUT_RETURN_TYPE = YES_ERROR;
				GCC_WARN_UNDECLARED_SELECTOR = YES;
				GCC_WARN_UNINITIALIZED_AUTOS = YES_AGGRESSIVE;
				GCC_WARN_UNUSED_FUNCTION = YES;
				GCC_WARN_UNUSED_VARIABLE = YES;
				IPHONEOS_DEPLOYMENT_TARGET = 10.3;
				MTL_ENABLE_DEBUG_INFO = NO;
				SDKROOT = iphoneos;
				SWIFT_OPTIMIZATION_LEVEL = "-Owholemodule";
				VALIDATE_PRODUCT = YES;
			};
			name = Release;
		};
		A1AE8A3C1F02102500B979D6 /* Debug */ = {
			isa = XCBuildConfiguration;
			baseConfigurationReference = F480E3F31B21DD8468E22F3E /* Pods-dSoundBoy.debug.xcconfig */;
			buildSettings = {
				ASSETCATALOG_COMPILER_APPICON_NAME = AppIcon;
				"CODE_SIGN_IDENTITY[sdk=iphoneos*]" = "iPhone Developer";
				DEVELOPMENT_TEAM = V9QHFMVFWZ;
				INFOPLIST_FILE = SoundBoy/Info.plist;
				LD_RUNPATH_SEARCH_PATHS = "$(inherited) @executable_path/Frameworks";
				PRODUCT_BUNDLE_IDENTIFIER = draglabs.dSoundBoy;
				PRODUCT_NAME = "$(TARGET_NAME)";
				PROVISIONING_PROFILE_SPECIFIER = "";
				SWIFT_VERSION = 3.0;
			};
			name = Debug;
		};
		A1AE8A3D1F02102500B979D6 /* Release */ = {
			isa = XCBuildConfiguration;
			baseConfigurationReference = A6C9E836C41A9D63E634CE27 /* Pods-dSoundBoy.release.xcconfig */;
			buildSettings = {
				ASSETCATALOG_COMPILER_APPICON_NAME = AppIcon;
				"CODE_SIGN_IDENTITY[sdk=iphoneos*]" = "iPhone Developer";
				DEVELOPMENT_TEAM = V9QHFMVFWZ;
				INFOPLIST_FILE = SoundBoy/Info.plist;
				LD_RUNPATH_SEARCH_PATHS = "$(inherited) @executable_path/Frameworks";
				PRODUCT_BUNDLE_IDENTIFIER = draglabs.dSoundBoy;
				PRODUCT_NAME = "$(TARGET_NAME)";
				PROVISIONING_PROFILE_SPECIFIER = "";
				SWIFT_VERSION = 3.0;
			};
			name = Release;
		};
/* End XCBuildConfiguration section */

/* Begin XCConfigurationList section */
		A1AE8A241F02102500B979D6 /* Build configuration list for PBXProject "SoundBoy" */ = {
			isa = XCConfigurationList;
			buildConfigurations = (
				A1AE8A391F02102500B979D6 /* Debug */,
				A1AE8A3A1F02102500B979D6 /* Release */,
			);
			defaultConfigurationIsVisible = 0;
			defaultConfigurationName = Release;
		};
		A1AE8A3B1F02102500B979D6 /* Build configuration list for PBXNativeTarget "dSoundBoy" */ = {
			isa = XCConfigurationList;
			buildConfigurations = (
				A1AE8A3C1F02102500B979D6 /* Debug */,
				A1AE8A3D1F02102500B979D6 /* Release */,
			);
			defaultConfigurationIsVisible = 0;
			defaultConfigurationName = Release;
		};
/* End XCConfigurationList section */

/* Begin XCVersionGroup section */
		A1B66AAE1F57C9FA001F3B00 /* CoreData.xcdatamodeld */ = {
			isa = XCVersionGroup;
			children = (
				A1B66AAF1F57C9FA001F3B00 /* CoreData.xcdatamodel */,
			);
			currentVersion = A1B66AAF1F57C9FA001F3B00 /* CoreData.xcdatamodel */;
			path = CoreData.xcdatamodeld;
			sourceTree = "<group>";
			versionGroupType = wrapper.xcdatamodel;
		};
/* End XCVersionGroup section */
	};
	rootObject = A1AE8A211F02102500B979D6 /* Project object */;
}
